PODS:
  - JSONModel (1.8.0)
  - Masonry (1.1.0)

DEPENDENCIES:
  - JSONModel
  - Masonry

SPEC REPOS:
  trunk:
    - JSONModel
    - Masonry

SPEC CHECKSUMS:
  JSONModel: 02ab723958366a3fd27da57ea2af2113658762e9
  Masonry: 678fab65091a9290e40e2832a55e7ab731aad201

PODFILE CHECKSUM: 4776e4af2ab055a7c1f05bbb6e5f42505035f74b

COCOAPODS: 1.9.3
